
Microsoft Visual Studio Solution File, Format Version 12.00
# Visual Studio Version 16
VisualStudioVersion = 16.0.31424.327
MinimumVisualStudioVersion = 10.0.40219.1
Project("{9A19103F-16F7-4668-BE54-9A1E7A4F7556}") = "Api", "Formation0607\Api.csproj", "{BF9FCE08-B3CD-4CD1-A2FA-5DAB10333B91}"
EndProject
Project("{9A19103F-16F7-4668-BE54-9A1E7A4F7556}") = "Domaine", "Domaine\Domaine.csproj", "{0EC341B4-3409-44AA-B09F-FB4F35A02FAD}"
EndProject
Project("{9A19103F-16F7-4668-BE54-9A1E7A4F7556}") = "Application", "Application\Application.csproj", "{BFD68E3A-2795-4E9C-B2E9-460EEC8FEC3B}"
EndProject
Project("{9A19103F-16F7-4668-BE54-9A1E7A4F7556}") = "Domaine.Commun", "Domaine.Commun\Domaine.Commun.csproj", "{56DCA512-417A-4022-9254-2FF35307E582}"
EndProject
Project("{2150E333-8FDC-42A3-9474-1A3956D46DE8}") = "Infrasructure", "Infrasructure", "{82EC59DB-3642-4A6F-86AB-EFCB61F75207}"
EndProject
Project("{9A19103F-16F7-4668-BE54-9A1E7A4F7556}") = "JsonUtils", "JsonUtils\JsonUtils.csproj", "{155252B6-4623-4994-9B57-3027F6753ADB}"
EndProject
Project("{FAE04EC0-301F-11D3-BF4B-00C04F79EFBC}") = "Infrastructure", "Infrastructure\Infrastructure.csproj", "{6E6DAE39-114C-4645-9962-C70FD3E2A18C}"
EndProject
Global
	GlobalSection(SolutionConfigurationPlatforms) = preSolution
		Debug|Any CPU = Debug|Any CPU
		Release|Any CPU = Release|Any CPU
	EndGlobalSection
	GlobalSection(ProjectConfigurationPlatforms) = postSolution
		{BF9FCE08-B3CD-4CD1-A2FA-5DAB10333B91}.Debug|Any CPU.ActiveCfg = Debug|Any CPU
		{BF9FCE08-B3CD-4CD1-A2FA-5DAB10333B91}.Debug|Any CPU.Build.0 = Debug|Any CPU
		{BF9FCE08-B3CD-4CD1-A2FA-5DAB10333B91}.Release|Any CPU.ActiveCfg = Release|Any CPU
		{BF9FCE08-B3CD-4CD1-A2FA-5DAB10333B91}.Release|Any CPU.Build.0 = Release|Any CPU
		{0EC341B4-3409-44AA-B09F-FB4F35A02FAD}.Debug|Any CPU.ActiveCfg = Debug|Any CPU
		{0EC341B4-3409-44AA-B09F-FB4F35A02FAD}.Debug|Any CPU.Build.0 = Debug|Any CPU
		{0EC341B4-3409-44AA-B09F-FB4F35A02FAD}.Release|Any CPU.ActiveCfg = Release|Any CPU
		{0EC341B4-3409-44AA-B09F-FB4F35A02FAD}.Release|Any CPU.Build.0 = Release|Any CPU
		{BFD68E3A-2795-4E9C-B2E9-460EEC8FEC3B}.Debug|Any CPU.ActiveCfg = Debug|Any CPU
		{BFD68E3A-2795-4E9C-B2E9-460EEC8FEC3B}.Debug|Any CPU.Build.0 = Debug|Any CPU
		{BFD68E3A-2795-4E9C-B2E9-460EEC8FEC3B}.Release|Any CPU.ActiveCfg = Release|Any CPU
		{BFD68E3A-2795-4E9C-B2E9-460EEC8FEC3B}.Release|Any CPU.Build.0 = Release|Any CPU
		{56DCA512-417A-4022-9254-2FF35307E582}.Debug|Any CPU.ActiveCfg = Debug|Any CPU
		{56DCA512-417A-4022-9254-2FF35307E582}.Debug|Any CPU.Build.0 = Debug|Any CPU
		{56DCA512-417A-4022-9254-2FF35307E582}.Release|Any CPU.ActiveCfg = Release|Any CPU
		{56DCA512-417A-4022-9254-2FF35307E582}.Release|Any CPU.Build.0 = Release|Any CPU
		{155252B6-4623-4994-9B57-3027F6753ADB}.Debug|Any CPU.ActiveCfg = Debug|Any CPU
		{155252B6-4623-4994-9B57-3027F6753ADB}.Debug|Any CPU.Build.0 = Debug|Any CPU
		{155252B6-4623-4994-9B57-3027F6753ADB}.Release|Any CPU.ActiveCfg = Release|Any CPU
		{155252B6-4623-4994-9B57-3027F6753ADB}.Release|Any CPU.Build.0 = Release|Any CPU
		{6E6DAE39-114C-4645-9962-C70FD3E2A18C}.Debug|Any CPU.ActiveCfg = Debug|Any CPU
		{6E6DAE39-114C-4645-9962-C70FD3E2A18C}.Debug|Any CPU.Build.0 = Debug|Any CPU
		{6E6DAE39-114C-4645-9962-C70FD3E2A18C}.Release|Any CPU.ActiveCfg = Release|Any CPU
		{6E6DAE39-114C-4645-9962-C70FD3E2A18C}.Release|Any CPU.Build.0 = Release|Any CPU
	EndGlobalSection
	GlobalSection(SolutionProperties) = preSolution
		HideSolutionNode = FALSE
	EndGlobalSection
	GlobalSection(NestedProjects) = preSolution
		{155252B6-4623-4994-9B57-3027F6753ADB} = {82EC59DB-3642-4A6F-86AB-EFCB61F75207}
	EndGlobalSection
	GlobalSection(ExtensibilityGlobals) = postSolution
		SolutionGuid = {D34DA433-CFE2-49BE-9767-0BBF1766E7DA}
	EndGlobalSection
EndGlobal
